
Microsoft Visual Studio Solution File, Format Version 12.00
# Visual Studio Version 16
VisualStudioVersion = 16.0.31702.278
MinimumVisualStudioVersion = 10.0.40219.1
Project("{FAE04EC0-301F-11D3-BF4B-00C04F79EFBC}") = "BranchingTest", "BranchingTest\BranchingTest.csproj", "{3143C8D5-855B-438F-8132-EFFCE2DA29EB}"
EndProject
Global
	GlobalSection(SolutionConfigurationPlatforms) = preSolution
		Debug|Any CPU = Debug|Any CPU
		Release|Any CPU = Release|Any CPU
	EndGlobalSection
	GlobalSection(ProjectConfigurationPlatforms) = postSolution
		{3143C8D5-855B-438F-8132-EFFCE2DA29EB}.Debug|Any CPU.ActiveCfg = Debug|Any CPU
		{3143C8D5-855B-438F-8132-EFFCE2DA29EB}.Debug|Any CPU.Build.0 = Debug|Any CPU
		{3143C8D5-855B-438F-8132-EFFCE2DA29EB}.Release|Any CPU.ActiveCfg = Release|Any CPU
		{3143C8D5-855B-438F-8132-EFFCE2DA29EB}.Release|Any CPU.Build.0 = Release|Any CPU
	EndGlobalSection
	GlobalSection(SolutionProperties) = preSolution
		HideSolutionNode = FALSE
	EndGlobalSection
	GlobalSection(ExtensibilityGlobals) = postSolution
		SolutionGuid = {54B57150-EFC2-4A41-BA03-A50409F3929E}
	EndGlobalSection
EndGlobal
